
Microsoft Visual Studio Solution File, Format Version 12.00
# Visual Studio Version 17
VisualStudioVersion = 17.10.35013.160
MinimumVisualStudioVersion = 10.0.40219.1
Project("{FAE04EC0-301F-11D3-BF4B-00C04F79EFBC}") = "TestCrud", "TestCrud\TestCrud.csproj", "{9B2D6EC5-E5F5-4F92-AB9D-82A4B638C396}"
EndProject
Global
	GlobalSection(SolutionConfigurationPlatforms) = preSolution
		Debug|Any CPU = Debug|Any CPU
		Release|Any CPU = Release|Any CPU
	EndGlobalSection
	GlobalSection(ProjectConfigurationPlatforms) = postSolution
		{9B2D6EC5-E5F5-4F92-AB9D-82A4B638C396}.Debug|Any CPU.ActiveCfg = Debug|Any CPU
		{9B2D6EC5-E5F5-4F92-AB9D-82A4B638C396}.Debug|Any CPU.Build.0 = Debug|Any CPU
		{9B2D6EC5-E5F5-4F92-AB9D-82A4B638C396}.Release|Any CPU.ActiveCfg = Release|Any CPU
		{9B2D6EC5-E5F5-4F92-AB9D-82A4B638C396}.Release|Any CPU.Build.0 = Release|Any CPU
	EndGlobalSection
	GlobalSection(SolutionProperties) = preSolution
		HideSolutionNode = FALSE
	EndGlobalSection
	GlobalSection(ExtensibilityGlobals) = postSolution
		SolutionGuid = {F61FE424-BB9D-4209-87B4-0AC934782F5A}
	EndGlobalSection
EndGlobal
